
Microsoft Visual Studio Solution File, Format Version 12.00
# Visual Studio Version 16
VisualStudioVersion = 16.0.31205.134
MinimumVisualStudioVersion = 10.0.40219.1
Project("{FAE04EC0-301F-11D3-BF4B-00C04F79EFBC}") = "Amiibopedia.UWP", "Amiibopedia\Amiibopedia.UWP\Amiibopedia.UWP.csproj", "{DD3C2B80-C65E-4F18-BD06-6C1D6D151EBF}"
EndProject
Project("{FAE04EC0-301F-11D3-BF4B-00C04F79EFBC}") = "Amiibopedia.Android", "Amiibopedia\Amiibopedia.Android\Amiibopedia.Android.csproj", "{BE7AB843-25A8-4CB6-B1CB-EC4B96CFC47B}"
EndProject
Project("{FAE04EC0-301F-11D3-BF4B-00C04F79EFBC}") = "Amiibopedia.iOS", "Amiibopedia\Amiibopedia.iOS\Amiibopedia.iOS.csproj", "{4BBB6C03-2291-4551-B9B5-4E92EE7E2A9D}"
EndProject
Project("{FAE04EC0-301F-11D3-BF4B-00C04F79EFBC}") = "Amiibopedia", "Amiibopedia\Amiibopedia\Amiibopedia.csproj", "{AC366AB9-DD66-4563-9803-5286C56120D6}"
EndProject
Global
	GlobalSection(SolutionConfigurationPlatforms) = preSolution
		Debug|Any CPU = Debug|Any CPU
		Debug|ARM = Debug|ARM
		Debug|iPhone = Debug|iPhone
		Debug|iPhoneSimulator = Debug|iPhoneSimulator
		Debug|x64 = Debug|x64
		Debug|x86 = Debug|x86
		Release|Any CPU = Release|Any CPU
		Release|ARM = Release|ARM
		Release|iPhone = Release|iPhone
		Release|iPhoneSimulator = Release|iPhoneSimulator
		Release|x64 = Release|x64
		Release|x86 = Release|x86
	EndGlobalSection
	GlobalSection(ProjectConfigurationPlatforms) = postSolution
		{DD3C2B80-C65E-4F18-BD06-6C1D6D151EBF}.Debug|Any CPU.ActiveCfg = Debug|x86
		{DD3C2B80-C65E-4F18-BD06-6C1D6D151EBF}.Debug|Any CPU.Build.0 = Debug|x86
		{DD3C2B80-C65E-4F18-BD06-6C1D6D151EBF}.Debug|Any CPU.Deploy.0 = Debug|x86
		{DD3C2B80-C65E-4F18-BD06-6C1D6D151EBF}.Debug|ARM.ActiveCfg = Debug|ARM
		{DD3C2B80-C65E-4F18-BD06-6C1D6D151EBF}.Debug|ARM.Build.0 = Debug|ARM
		{DD3C2B80-C65E-4F18-BD06-6C1D6D151EBF}.Debug|ARM.Deploy.0 = Debug|ARM
		{DD3C2B80-C65E-4F18-BD06-6C1D6D151EBF}.Debug|iPhone.ActiveCfg = Debug|x86
		{DD3C2B80-C65E-4F18-BD06-6C1D6D151EBF}.Debug|iPhone.Build.0 = Debug|x86
		{DD3C2B80-C65E-4F18-BD06-6C1D6D151EBF}.Debug|iPhone.Deploy.0 = Debug|x86
		{DD3C2B80-C65E-4F18-BD06-6C1D6D151EBF}.Debug|iPhoneSimulator.ActiveCfg = Debug|x86
		{DD3C2B80-C65E-4F18-BD06-6C1D6D151EBF}.Debug|iPhoneSimulator.Build.0 = Debug|x86
		{DD3C2B80-C65E-4F18-BD06-6C1D6D151EBF}.Debug|iPhoneSimulator.Deploy.0 = Debug|x86
		{DD3C2B80-C65E-4F18-BD06-6C1D6D151EBF}.Debug|x64.ActiveCfg = Debug|x64
		{DD3C2B80-C65E-4F18-BD06-6C1D6D151EBF}.Debug|x64.Build.0 = Debug|x64
		{DD3C2B80-C65E-4F18-BD06-6C1D6D151EBF}.Debug|x64.Deploy.0 = Debug|x64
		{DD3C2B80-C65E-4F18-BD06-6C1D6D151EBF}.Debug|x86.ActiveCfg = Debug|x86
		{DD3C2B80-C65E-4F18-BD06-6C1D6D151EBF}.Debug|x86.Build.0 = Debug|x86
		{DD3C2B80-C65E-4F18-BD06-6C1D6D151EBF}.Debug|x86.Deploy.0 = Debug|x86
		{DD3C2B80-C65E-4F18-BD06-6C1D6D151EBF}.Release|Any CPU.ActiveCfg = Release|x86
		{DD3C2B80-C65E-4F18-BD06-6C1D6D151EBF}.Release|Any CPU.Build.0 = Release|x86
		{DD3C2B80-C65E-4F18-BD06-6C1D6D151EBF}.Release|Any CPU.Deploy.0 = Release|x86
		{DD3C2B80-C65E-4F18-BD06-6C1D6D151EBF}.Release|ARM.ActiveCfg = Release|ARM
		{DD3C2B80-C65E-4F18-BD06-6C1D6D151EBF}.Release|ARM.Build.0 = Release|ARM
		{DD3C2B80-C65E-4F18-BD06-6C1D6D151EBF}.Release|ARM.Deploy.0 = Release|ARM
		{DD3C2B80-C65E-4F18-BD06-6C1D6D151EBF}.Release|iPhone.ActiveCfg = Release|x86
		{DD3C2B80-C65E-4F18-BD06-6C1D6D151EBF}.Release|iPhone.Build.0 = Release|x86
		{DD3C2B80-C65E-4F18-BD06-6C1D6D151EBF}.Release|iPhone.Deploy.0 = Release|x86
		{DD3C2B80-C65E-4F18-BD06-6C1D6D151EBF}.Release|iPhoneSimulator.ActiveCfg = Release|x86
		{DD3C2B80-C65E-4F18-BD06-6C1D6D151EBF}.Release|iPhoneSimulator.Build.0 = Release|x86
		{DD3C2B80-C65E-4F18-BD06-6C1D6D151EBF}.Release|iPhoneSimulator.Deploy.0 = Release|x86
		{DD3C2B80-C65E-4F18-BD06-6C1D6D151EBF}.Release|x64.ActiveCfg = Release|x64
		{DD3C2B80-C65E-4F18-BD06-6C1D6D151EBF}.Release|x64.Build.0 = Release|x64
		{DD3C2B80-C65E-4F18-BD06-6C1D6D151EBF}.Release|x64.Deploy.0 = Release|x64
		{DD3C2B80-C65E-4F18-BD06-6C1D6D151EBF}.Release|x86.ActiveCfg = Release|x86
		{DD3C2B80-C65E-4F18-BD06-6C1D6D151EBF}.Release|x86.Build.0 = Release|x86
		{DD3C2B80-C65E-4F18-BD06-6C1D6D151EBF}.Release|x86.Deploy.0 = Release|x86
		{BE7AB843-25A8-4CB6-B1CB-EC4B96CFC47B}.Debug|Any CPU.ActiveCfg = Debug|Any CPU
		{BE7AB843-25A8-4CB6-B1CB-EC4B96CFC47B}.Debug|Any CPU.Build.0 = Debug|Any CPU
		{BE7AB843-25A8-4CB6-B1CB-EC4B96CFC47B}.Debug|Any CPU.Deploy.0 = Debug|Any CPU
		{BE7AB843-25A8-4CB6-B1CB-EC4B96CFC47B}.Debug|ARM.ActiveCfg = Debug|Any CPU
		{BE7AB843-25A8-4CB6-B1CB-EC4B96CFC47B}.Debug|ARM.Build.0 = Debug|Any CPU
		{BE7AB843-25A8-4CB6-B1CB-EC4B96CFC47B}.Debug|ARM.Deploy.0 = Debug|Any CPU
		{BE7AB843-25A8-4CB6-B1CB-EC4B96CFC47B}.Debug|iPhone.ActiveCfg = Debug|Any CPU
		{BE7AB843-25A8-4CB6-B1CB-EC4B96CFC47B}.Debug|iPhone.Build.0 = Debug|Any CPU
		{BE7AB843-25A8-4CB6-B1CB-EC4B96CFC47B}.Debug|iPhone.Deploy.0 = Debug|Any CPU
		{BE7AB843-25A8-4CB6-B1CB-EC4B96CFC47B}.Debug|iPhoneSimulator.ActiveCfg = Debug|Any CPU
		{BE7AB843-25A8-4CB6-B1CB-EC4B96CFC47B}.Debug|iPhoneSimulator.Build.0 = Debug|Any CPU
		{BE7AB843-25A8-4CB6-B1CB-EC4B96CFC47B}.Debug|iPhoneSimulator.Deploy.0 = Debug|Any CPU
		{BE7AB843-25A8-4CB6-B1CB-EC4B96CFC47B}.Debug|x64.ActiveCfg = Debug|Any CPU
		{BE7AB843-25A8-4CB6-B1CB-EC4B96CFC47B}.Debug|x64.Build.0 = Debug|Any CPU
		{BE7AB843-25A8-4CB6-B1CB-EC4B96CFC47B}.Debug|x64.Deploy.0 = Debug|Any CPU
		{BE7AB843-25A8-4CB6-B1CB-EC4B96CFC47B}.Debug|x86.ActiveCfg = Debug|Any CPU
		{BE7AB843-25A8-4CB6-B1CB-EC4B96CFC47B}.Debug|x86.Build.0 = Debug|Any CPU
		{BE7AB843-25A8-4CB6-B1CB-EC4B96CFC47B}.Debug|x86.Deploy.0 = Debug|Any CPU
		{BE7AB843-25A8-4CB6-B1CB-EC4B96CFC47B}.Release|Any CPU.ActiveCfg = Release|Any CPU
		{BE7AB843-25A8-4CB6-B1CB-EC4B96CFC47B}.Release|Any CPU.Build.0 = Release|Any CPU
		{BE7AB843-25A8-4CB6-B1CB-EC4B96CFC47B}.Release|Any CPU.Deploy.0 = Release|Any CPU
		{BE7AB843-25A8-4CB6-B1CB-EC4B96CFC47B}.Release|ARM.ActiveCfg = Release|Any CPU
		{BE7AB843-25A8-4CB6-B1CB-EC4B96CFC47B}.Release|ARM.Build.0 = Release|Any CPU
		{BE7AB843-25A8-4CB6-B1CB-EC4B96CFC47B}.Release|ARM.Deploy.0 = Release|Any CPU
		{BE7AB843-25A8-4CB6-B1CB-EC4B96CFC47B}.Release|iPhone.ActiveCfg = Release|Any CPU
		{BE7AB843-25A8-4CB6-B1CB-EC4B96CFC47B}.Release|iPhone.Build.0 = Release|Any CPU
		{BE7AB843-25A8-4CB6-B1CB-EC4B96CFC47B}.Release|iPhone.Deploy.0 = Release|Any CPU
		{BE7AB843-25A8-4CB6-B1CB-EC4B96CFC47B}.Release|iPhoneSimulator.ActiveCfg = Release|Any CPU
		{BE7AB843-25A8-4CB6-B1CB-EC4B96CFC47B}.Release|iPhoneSimulator.Build.0 = Release|Any CPU
		{BE7AB843-25A8-4CB6-B1CB-EC4B96CFC47B}.Release|iPhoneSimulator.Deploy.0 = Release|Any CPU
		{BE7AB843-25A8-4CB6-B1CB-EC4B96CFC47B}.Release|x64.ActiveCfg = Release|Any CPU
		{BE7AB843-25A8-4CB6-B1CB-EC4B96CFC47B}.Release|x64.Build.0 = Release|Any CPU
		{BE7AB843-25A8-4CB6-B1CB-EC4B96CFC47B}.Release|x64.Deploy.0 = Release|Any CPU
		{BE7AB843-25A8-4CB6-B1CB-EC4B96CFC47B}.Release|x86.ActiveCfg = Release|Any CPU
		{BE7AB843-25A8-4CB6-B1CB-EC4B96CFC47B}.Release|x86.Build.0 = Release|Any CPU
		{BE7AB843-25A8-4CB6-B1CB-EC4B96CFC47B}.Release|x86.Deploy.0 = Release|Any CPU
		{4BBB6C03-2291-4551-B9B5-4E92EE7E2A9D}.Debug|Any CPU.ActiveCfg = Debug|iPhoneSimulator
		{4BBB6C03-2291-4551-B9B5-4E92EE7E2A9D}.Debug|Any CPU.Build.0 = Debug|iPhoneSimulator
		{4BBB6C03-2291-4551-B9B5-4E92EE7E2A9D}.Debug|Any CPU.Deploy.0 = Debug|iPhoneSimulator
		{4BBB6C03-2291-4551-B9B5-4E92EE7E2A9D}.Debug|ARM.ActiveCfg = Debug|iPhone
		{4BBB6C03-2291-4551-B9B5-4E92EE7E2A9D}.Debug|ARM.Build.0 = Debug|iPhone
		{4BBB6C03-2291-4551-B9B5-4E92EE7E2A9D}.Debug|ARM.Deploy.0 = Debug|iPhone
		{4BBB6C03-2291-4551-B9B5-4E92EE7E2A9D}.Debug|iPhone.ActiveCfg = Debug|iPhone
		{4BBB6C03-2291-4551-B9B5-4E92EE7E2A9D}.Debug|iPhone.Build.0 = Debug|iPhone
		{4BBB6C03-2291-4551-B9B5-4E92EE7E2A9D}.Debug|iPhone.Deploy.0 = Debug|iPhone
		{4BBB6C03-2291-4551-B9B5-4E92EE7E2A9D}.Debug|iPhoneSimulator.ActiveCfg = Debug|iPhoneSimulator
		{4BBB6C03-2291-4551-B9B5-4E92EE7E2A9D}.Debug|iPhoneSimulator.Build.0 = Debug|iPhoneSimulator
		{4BBB6C03-2291-4551-B9B5-4E92EE7E2A9D}.Debug|iPhoneSimulator.Deploy.0 = Debug|iPhoneSimulator
		{4BBB6C03-2291-4551-B9B5-4E92EE7E2A9D}.Debug|x64.ActiveCfg = Debug|iPhoneSimulator
		{4BBB6C03-2291-4551-B9B5-4E92EE7E2A9D}.Debug|x64.Build.0 = Debug|iPhoneSimulator
		{4BBB6C03-2291-4551-B9B5-4E92EE7E2A9D}.Debug|x64.Deploy.0 = Debug|iPhoneSimulator
		{4BBB6C03-2291-4551-B9B5-4E92EE7E2A9D}.Debug|x86.ActiveCfg = Debug|iPhoneSimulator
		{4BBB6C03-2291-4551-B9B5-4E92EE7E2A9D}.Debug|x86.Build.0 = Debug|iPhoneSimulator
		{4BBB6C03-2291-4551-B9B5-4E92EE7E2A9D}.Debug|x86.Deploy.0 = Debug|iPhoneSimulator
		{4BBB6C03-2291-4551-B9B5-4E92EE7E2A9D}.Release|Any CPU.ActiveCfg = Release|iPhoneSimulator
		{4BBB6C03-2291-4551-B9B5-4E92EE7E2A9D}.Release|Any CPU.Build.0 = Release|iPhoneSimulator
		{4BBB6C03-2291-4551-B9B5-4E92EE7E2A9D}.Release|Any CPU.Deploy.0 = Release|iPhoneSimulator
		{4BBB6C03-2291-4551-B9B5-4E92EE7E2A9D}.Release|ARM.ActiveCfg = Release|iPhoneSimulator
		{4BBB6C03-2291-4551-B9B5-4E92EE7E2A9D}.Release|ARM.Build.0 = Release|iPhoneSimulator
		{4BBB6C03-2291-4551-B9B5-4E92EE7E2A9D}.Release|ARM.Deploy.0 = Release|iPhoneSimulator
		{4BBB6C03-2291-4551-B9B5-4E92EE7E2A9D}.Release|iPhone.ActiveCfg = Release|iPhone
		{4BBB6C03-2291-4551-B9B5-4E92EE7E2A9D}.Release|iPhone.Build.0 = Release|iPhone
		{4BBB6C03-2291-4551-B9B5-4E92EE7E2A9D}.Release|iPhone.Deploy.0 = Release|iPhone
		{4BBB6C03-2291-4551-B9B5-4E92EE7E2A9D}.Release|iPhoneSimulator.ActiveCfg = Release|iPhoneSimulator
		{4BBB6C03-2291-4551-B9B5-4E92EE7E2A9D}.Release|iPhoneSimulator.Build.0 = Release|iPhoneSimulator
		{4BBB6C03-2291-4551-B9B5-4E92EE7E2A9D}.Release|iPhoneSimulator.Deploy.0 = Release|iPhoneSimulator
		{4BBB6C03-2291-4551-B9B5-4E92EE7E2A9D}.Release|x64.ActiveCfg = Release|iPhoneSimulator
		{4BBB6C03-2291-4551-B9B5-4E92EE7E2A9D}.Release|x64.Build.0 = Release|iPhoneSimulator
		{4BBB6C03-2291-4551-B9B5-4E92EE7E2A9D}.Release|x64.Deploy.0 = Release|iPhoneSimulator
		{4BBB6C03-2291-4551-B9B5-4E92EE7E2A9D}.Release|x86.ActiveCfg = Release|iPhoneSimulator
		{4BBB6C03-2291-4551-B9B5-4E92EE7E2A9D}.Release|x86.Build.0 = Release|iPhoneSimulator
		{4BBB6C03-2291-4551-B9B5-4E92EE7E2A9D}.Release|x86.Deploy.0 = Release|iPhoneSimulator
		{AC366AB9-DD66-4563-9803-5286C56120D6}.Debug|Any CPU.ActiveCfg = Debug|Any CPU
		{AC366AB9-DD66-4563-9803-5286C56120D6}.Debug|Any CPU.Build.0 = Debug|Any CPU
		{AC366AB9-DD66-4563-9803-5286C56120D6}.Debug|Any CPU.Deploy.0 = Debug|Any CPU
		{AC366AB9-DD66-4563-9803-5286C56120D6}.Debug|ARM.ActiveCfg = Debug|Any CPU
		{AC366AB9-DD66-4563-9803-5286C56120D6}.Debug|ARM.Build.0 = Debug|Any CPU
		{AC366AB9-DD66-4563-9803-5286C56120D6}.Debug|ARM.Deploy.0 = Debug|Any CPU
		{AC366AB9-DD66-4563-9803-5286C56120D6}.Debug|iPhone.ActiveCfg = Debug|Any CPU
		{AC366AB9-DD66-4563-9803-5286C56120D6}.Debug|iPhone.Build.0 = Debug|Any CPU
		{AC366AB9-DD66-4563-9803-5286C56120D6}.Debug|iPhone.Deploy.0 = Debug|Any CPU
		{AC366AB9-DD66-4563-9803-5286C56120D6}.Debug|iPhoneSimulator.ActiveCfg = Debug|Any CPU
		{AC366AB9-DD66-4563-9803-5286C56120D6}.Debug|iPhoneSimulator.Build.0 = Debug|Any CPU
		{AC366AB9-DD66-4563-9803-5286C56120D6}.Debug|iPhoneSimulator.Deploy.0 = Debug|Any CPU
		{AC366AB9-DD66-4563-9803-5286C56120D6}.Debug|x64.ActiveCfg = Debug|Any CPU
		{AC366AB9-DD66-4563-9803-5286C56120D6}.Debug|x64.Build.0 = Debug|Any CPU
		{AC366AB9-DD66-4563-9803-5286C56120D6}.Debug|x64.Deploy.0 = Debug|Any CPU
		{AC366AB9-DD66-4563-9803-5286C56120D6}.Debug|x86.ActiveCfg = Debug|Any CPU
		{AC366AB9-DD66-4563-9803-5286C56120D6}.Debug|x86.Build.0 = Debug|Any CPU
		{AC366AB9-DD66-4563-9803-5286C56120D6}.Debug|x86.Deploy.0 = Debug|Any CPU
		{AC366AB9-DD66-4563-9803-5286C56120D6}.Release|Any CPU.ActiveCfg = Release|Any CPU
		{AC366AB9-DD66-4563-9803-5286C56120D6}.Release|Any CPU.Build.0 = Release|Any CPU
		{AC366AB9-DD66-4563-9803-5286C56120D6}.Release|Any CPU.Deploy.0 = Release|Any CPU
		{AC366AB9-DD66-4563-9803-5286C56120D6}.Release|ARM.ActiveCfg = Release|Any CPU
		{AC366AB9-DD66-4563-9803-5286C56120D6}.Release|ARM.Build.0 = Release|Any CPU
		{AC366AB9-DD66-4563-9803-5286C56120D6}.Release|ARM.Deploy.0 = Release|Any CPU
		{AC366AB9-DD66-4563-9803-5286C56120D6}.Release|iPhone.ActiveCfg = Release|Any CPU
		{AC366AB9-DD66-4563-9803-5286C56120D6}.Release|iPhone.Build.0 = Release|Any CPU
		{AC366AB9-DD66-4563-9803-5286C56120D6}.Release|iPhone.Deploy.0 = Release|Any CPU
		{AC366AB9-DD66-4563-9803-5286C56120D6}.Release|iPhoneSimulator.ActiveCfg = Release|Any CPU
		{AC366AB9-DD66-4563-9803-5286C56120D6}.Release|iPhoneSimulator.Build.0 = Release|Any CPU
		{AC366AB9-DD66-4563-9803-5286C56120D6}.Release|iPhoneSimulator.Deploy.0 = Release|Any CPU
		{AC366AB9-DD66-4563-9803-5286C56120D6}.Release|x64.ActiveCfg = Release|Any CPU
		{AC366AB9-DD66-4563-9803-5286C56120D6}.Release|x64.Build.0 = Release|Any CPU
		{AC366AB9-DD66-4563-9803-5286C56120D6}.Release|x64.Deploy.0 = Release|Any CPU
		{AC366AB9-DD66-4563-9803-5286C56120D6}.Release|x86.ActiveCfg = Release|Any CPU
		{AC366AB9-DD66-4563-9803-5286C56120D6}.Release|x86.Build.0 = Release|Any CPU
		{AC366AB9-DD66-4563-9803-5286C56120D6}.Release|x86.Deploy.0 = Release|Any CPU
	EndGlobalSection
	GlobalSection(SolutionProperties) = preSolution
		HideSolutionNode = FALSE
	EndGlobalSection
	GlobalSection(ExtensibilityGlobals) = postSolution
		SolutionGuid = {CD689C9D-0A35-4E9D-A131-B9F9DEBCBCB3}
	EndGlobalSection
EndGlobal
